
Microsoft Visual Studio Solution File, Format Version 12.00
# Visual Studio Version 17
VisualStudioVersion = 17.8.34330.188
MinimumVisualStudioVersion = 10.0.40219.1
Project("{FAE04EC0-301F-11D3-BF4B-00C04F79EFBC}") = "ExemploHTTP", "ExemploHTTP\ExemploHTTP.csproj", "{D87BB3E2-903E-4EF4-96A0-9642881CC838}"
EndProject
Global
	GlobalSection(SolutionConfigurationPlatforms) = preSolution
		Debug|Any CPU = Debug|Any CPU
		Release|Any CPU = Release|Any CPU
	EndGlobalSection
	GlobalSection(ProjectConfigurationPlatforms) = postSolution
		{D87BB3E2-903E-4EF4-96A0-9642881CC838}.Debug|Any CPU.ActiveCfg = Debug|Any CPU
		{D87BB3E2-903E-4EF4-96A0-9642881CC838}.Debug|Any CPU.Build.0 = Debug|Any CPU
		{D87BB3E2-903E-4EF4-96A0-9642881CC838}.Debug|Any CPU.Deploy.0 = Debug|Any CPU
		{D87BB3E2-903E-4EF4-96A0-9642881CC838}.Release|Any CPU.ActiveCfg = Release|Any CPU
		{D87BB3E2-903E-4EF4-96A0-9642881CC838}.Release|Any CPU.Build.0 = Release|Any CPU
		{D87BB3E2-903E-4EF4-96A0-9642881CC838}.Release|Any CPU.Deploy.0 = Release|Any CPU
	EndGlobalSection
	GlobalSection(SolutionProperties) = preSolution
		HideSolutionNode = FALSE
	EndGlobalSection
	GlobalSection(ExtensibilityGlobals) = postSolution
		SolutionGuid = {05EC7AD4-AE8E-4716-8D45-0C59A5523658}
	EndGlobalSection
EndGlobal
